
Microsoft Visual Studio Solution File, Format Version 12.00
# Visual Studio Version 16
VisualStudioVersion = 16.0.30204.135
MinimumVisualStudioVersion = 10.0.40219.1
Project("{FAE04EC0-301F-11D3-BF4B-00C04F79EFBC}") = "MSNews.Android", "MSNews.Android\MSNews.Android.csproj", "{5F2DFD5B-EBCA-4BEC-AB94-809E7F4B7519}"
EndProject
Project("{FAE04EC0-301F-11D3-BF4B-00C04F79EFBC}") = "MSNews.iOS", "MSNews.iOS\MSNews.iOS.csproj", "{CC8887C7-2B2A-48AB-AFC7-1C7F2A6173C5}"
EndProject
Project("{FAE04EC0-301F-11D3-BF4B-00C04F79EFBC}") = "MSNews", "MSNews\MSNews.csproj", "{A4BE3BFE-FB61-4994-B4CA-81544AD3B219}"
EndProject
Global
	GlobalSection(SolutionConfigurationPlatforms) = preSolution
		Debug|Any CPU = Debug|Any CPU
		Debug|iPhone = Debug|iPhone
		Debug|iPhoneSimulator = Debug|iPhoneSimulator
		Release|Any CPU = Release|Any CPU
		Release|iPhone = Release|iPhone
		Release|iPhoneSimulator = Release|iPhoneSimulator
	EndGlobalSection
	GlobalSection(ProjectConfigurationPlatforms) = postSolution
		{5F2DFD5B-EBCA-4BEC-AB94-809E7F4B7519}.Debug|Any CPU.ActiveCfg = Debug|Any CPU
		{5F2DFD5B-EBCA-4BEC-AB94-809E7F4B7519}.Debug|Any CPU.Build.0 = Debug|Any CPU
		{5F2DFD5B-EBCA-4BEC-AB94-809E7F4B7519}.Debug|Any CPU.Deploy.0 = Debug|Any CPU
		{5F2DFD5B-EBCA-4BEC-AB94-809E7F4B7519}.Debug|iPhone.ActiveCfg = Debug|Any CPU
		{5F2DFD5B-EBCA-4BEC-AB94-809E7F4B7519}.Debug|iPhone.Build.0 = Debug|Any CPU
		{5F2DFD5B-EBCA-4BEC-AB94-809E7F4B7519}.Debug|iPhone.Deploy.0 = Debug|Any CPU
		{5F2DFD5B-EBCA-4BEC-AB94-809E7F4B7519}.Debug|iPhoneSimulator.ActiveCfg = Debug|Any CPU
		{5F2DFD5B-EBCA-4BEC-AB94-809E7F4B7519}.Debug|iPhoneSimulator.Build.0 = Debug|Any CPU
		{5F2DFD5B-EBCA-4BEC-AB94-809E7F4B7519}.Debug|iPhoneSimulator.Deploy.0 = Debug|Any CPU
		{5F2DFD5B-EBCA-4BEC-AB94-809E7F4B7519}.Release|Any CPU.ActiveCfg = Release|Any CPU
		{5F2DFD5B-EBCA-4BEC-AB94-809E7F4B7519}.Release|Any CPU.Build.0 = Release|Any CPU
		{5F2DFD5B-EBCA-4BEC-AB94-809E7F4B7519}.Release|Any CPU.Deploy.0 = Release|Any CPU
		{5F2DFD5B-EBCA-4BEC-AB94-809E7F4B7519}.Release|iPhone.ActiveCfg = Release|Any CPU
		{5F2DFD5B-EBCA-4BEC-AB94-809E7F4B7519}.Release|iPhone.Build.0 = Release|Any CPU
		{5F2DFD5B-EBCA-4BEC-AB94-809E7F4B7519}.Release|iPhone.Deploy.0 = Release|Any CPU
		{5F2DFD5B-EBCA-4BEC-AB94-809E7F4B7519}.Release|iPhoneSimulator.ActiveCfg = Release|Any CPU
		{5F2DFD5B-EBCA-4BEC-AB94-809E7F4B7519}.Release|iPhoneSimulator.Build.0 = Release|Any CPU
		{5F2DFD5B-EBCA-4BEC-AB94-809E7F4B7519}.Release|iPhoneSimulator.Deploy.0 = Release|Any CPU
		{CC8887C7-2B2A-48AB-AFC7-1C7F2A6173C5}.Debug|Any CPU.ActiveCfg = Debug|iPhone
		{CC8887C7-2B2A-48AB-AFC7-1C7F2A6173C5}.Debug|Any CPU.Build.0 = Debug|iPhone
		{CC8887C7-2B2A-48AB-AFC7-1C7F2A6173C5}.Debug|Any CPU.Deploy.0 = Debug|iPhone
		{CC8887C7-2B2A-48AB-AFC7-1C7F2A6173C5}.Debug|iPhone.ActiveCfg = Debug|iPhone
		{CC8887C7-2B2A-48AB-AFC7-1C7F2A6173C5}.Debug|iPhone.Build.0 = Debug|iPhone
		{CC8887C7-2B2A-48AB-AFC7-1C7F2A6173C5}.Debug|iPhone.Deploy.0 = Debug|iPhone
		{CC8887C7-2B2A-48AB-AFC7-1C7F2A6173C5}.Debug|iPhoneSimulator.ActiveCfg = Debug|iPhoneSimulator
		{CC8887C7-2B2A-48AB-AFC7-1C7F2A6173C5}.Debug|iPhoneSimulator.Build.0 = Debug|iPhoneSimulator
		{CC8887C7-2B2A-48AB-AFC7-1C7F2A6173C5}.Debug|iPhoneSimulator.Deploy.0 = Debug|iPhoneSimulator
		{CC8887C7-2B2A-48AB-AFC7-1C7F2A6173C5}.Release|Any CPU.ActiveCfg = Release|iPhone
		{CC8887C7-2B2A-48AB-AFC7-1C7F2A6173C5}.Release|Any CPU.Build.0 = Release|iPhone
		{CC8887C7-2B2A-48AB-AFC7-1C7F2A6173C5}.Release|Any CPU.Deploy.0 = Release|iPhone
		{CC8887C7-2B2A-48AB-AFC7-1C7F2A6173C5}.Release|iPhone.ActiveCfg = Release|iPhone
		{CC8887C7-2B2A-48AB-AFC7-1C7F2A6173C5}.Release|iPhone.Build.0 = Release|iPhone
		{CC8887C7-2B2A-48AB-AFC7-1C7F2A6173C5}.Release|iPhone.Deploy.0 = Release|iPhone
		{CC8887C7-2B2A-48AB-AFC7-1C7F2A6173C5}.Release|iPhoneSimulator.ActiveCfg = Release|iPhoneSimulator
		{CC8887C7-2B2A-48AB-AFC7-1C7F2A6173C5}.Release|iPhoneSimulator.Build.0 = Release|iPhoneSimulator
		{CC8887C7-2B2A-48AB-AFC7-1C7F2A6173C5}.Release|iPhoneSimulator.Deploy.0 = Release|iPhoneSimulator
		{A4BE3BFE-FB61-4994-B4CA-81544AD3B219}.Debug|Any CPU.ActiveCfg = Debug|Any CPU
		{A4BE3BFE-FB61-4994-B4CA-81544AD3B219}.Debug|Any CPU.Build.0 = Debug|Any CPU
		{A4BE3BFE-FB61-4994-B4CA-81544AD3B219}.Debug|Any CPU.Deploy.0 = Debug|Any CPU
		{A4BE3BFE-FB61-4994-B4CA-81544AD3B219}.Debug|iPhone.ActiveCfg = Debug|Any CPU
		{A4BE3BFE-FB61-4994-B4CA-81544AD3B219}.Debug|iPhone.Build.0 = Debug|Any CPU
		{A4BE3BFE-FB61-4994-B4CA-81544AD3B219}.Debug|iPhone.Deploy.0 = Debug|Any CPU
		{A4BE3BFE-FB61-4994-B4CA-81544AD3B219}.Debug|iPhoneSimulator.ActiveCfg = Debug|Any CPU
		{A4BE3BFE-FB61-4994-B4CA-81544AD3B219}.Debug|iPhoneSimulator.Build.0 = Debug|Any CPU
		{A4BE3BFE-FB61-4994-B4CA-81544AD3B219}.Debug|iPhoneSimulator.Deploy.0 = Debug|Any CPU
		{A4BE3BFE-FB61-4994-B4CA-81544AD3B219}.Release|Any CPU.ActiveCfg = Release|Any CPU
		{A4BE3BFE-FB61-4994-B4CA-81544AD3B219}.Release|Any CPU.Build.0 = Release|Any CPU
		{A4BE3BFE-FB61-4994-B4CA-81544AD3B219}.Release|Any CPU.Deploy.0 = Release|Any CPU
		{A4BE3BFE-FB61-4994-B4CA-81544AD3B219}.Release|iPhone.ActiveCfg = Release|Any CPU
		{A4BE3BFE-FB61-4994-B4CA-81544AD3B219}.Release|iPhone.Build.0 = Release|Any CPU
		{A4BE3BFE-FB61-4994-B4CA-81544AD3B219}.Release|iPhone.Deploy.0 = Release|Any CPU
		{A4BE3BFE-FB61-4994-B4CA-81544AD3B219}.Release|iPhoneSimulator.ActiveCfg = Release|Any CPU
		{A4BE3BFE-FB61-4994-B4CA-81544AD3B219}.Release|iPhoneSimulator.Build.0 = Release|Any CPU
		{A4BE3BFE-FB61-4994-B4CA-81544AD3B219}.Release|iPhoneSimulator.Deploy.0 = Release|Any CPU
	EndGlobalSection
	GlobalSection(SolutionProperties) = preSolution
		HideSolutionNode = FALSE
	EndGlobalSection
	GlobalSection(ExtensibilityGlobals) = postSolution
		SolutionGuid = {0D112B05-5367-4FE6-8D22-EB8A2833A5BF}
	EndGlobalSection
EndGlobal
